
Microsoft Visual Studio Solution File, Format Version 12.00
# Visual Studio Version 16
VisualStudioVersion = 16.0.29806.167
MinimumVisualStudioVersion = 10.0.40219.1
Project("{9A19103F-16F7-4668-BE54-9A1E7A4F7556}") = "ConanTheCSharpian.Core", "ConanTheCSharpian.Core\ConanTheCSharpian.Core.csproj", "{61C38691-CF1A-4342-845B-9417411BD612}"
EndProject
Project("{FAE04EC0-301F-11D3-BF4B-00C04F79EFBC}") = "ConanTheCSharpian.ConsoleApplication", "ConanTheCSharpian.ConsoleApplication\ConanTheCSharpian.ConsoleApplication.csproj", "{32B6F889-7317-459D-8356-A512AA291600}"
	ProjectSection(ProjectDependencies) = postProject
		{61C38691-CF1A-4342-845B-9417411BD612} = {61C38691-CF1A-4342-845B-9417411BD612}
	EndProjectSection
EndProject
Global
	GlobalSection(SolutionConfigurationPlatforms) = preSolution
		Debug|Any CPU = Debug|Any CPU
		Release|Any CPU = Release|Any CPU
	EndGlobalSection
	GlobalSection(ProjectConfigurationPlatforms) = postSolution
		{61C38691-CF1A-4342-845B-9417411BD612}.Debug|Any CPU.ActiveCfg = Debug|Any CPU
		{61C38691-CF1A-4342-845B-9417411BD612}.Debug|Any CPU.Build.0 = Debug|Any CPU
		{61C38691-CF1A-4342-845B-9417411BD612}.Release|Any CPU.ActiveCfg = Release|Any CPU
		{61C38691-CF1A-4342-845B-9417411BD612}.Release|Any CPU.Build.0 = Release|Any CPU
		{32B6F889-7317-459D-8356-A512AA291600}.Debug|Any CPU.ActiveCfg = Debug|Any CPU
		{32B6F889-7317-459D-8356-A512AA291600}.Debug|Any CPU.Build.0 = Debug|Any CPU
		{32B6F889-7317-459D-8356-A512AA291600}.Release|Any CPU.ActiveCfg = Release|Any CPU
		{32B6F889-7317-459D-8356-A512AA291600}.Release|Any CPU.Build.0 = Release|Any CPU
	EndGlobalSection
	GlobalSection(SolutionProperties) = preSolution
		HideSolutionNode = FALSE
	EndGlobalSection
	GlobalSection(ExtensibilityGlobals) = postSolution
		SolutionGuid = {0D26CC5F-2FEF-493D-AE53-24197FFABA87}
	EndGlobalSection
EndGlobal
